
Microsoft Visual Studio Solution File, Format Version 12.00
# Visual Studio Version 17
VisualStudioVersion = 17.5.002.0
MinimumVisualStudioVersion = 10.0.40219.1
Project("{9A19103F-16F7-4668-BE54-9A1E7A4F7556}") = "server", "server.csproj", "{FCC5659F-54A8-44E3-A424-5E980446C6F3}"
EndProject
Project("{FAE04EC0-301F-11D3-BF4B-00C04F79EFBC}") = "Server.Tests", "Server.Tests\Server.Tests.csproj", "{71920662-B733-4F4A-823D-BCDAE30F61B2}"
EndProject
Project("{FAE04EC0-301F-11D3-BF4B-00C04F79EFBC}") = "Server", "Server\Server.csproj", "{CC84177E-CB63-433E-834F-BADD072EC8E1}"
EndProject
Global
	GlobalSection(SolutionConfigurationPlatforms) = preSolution
		Debug|Any CPU = Debug|Any CPU
		Release|Any CPU = Release|Any CPU
	EndGlobalSection
	GlobalSection(ProjectConfigurationPlatforms) = postSolution
		{FCC5659F-54A8-44E3-A424-5E980446C6F3}.Debug|Any CPU.ActiveCfg = Debug|Any CPU
		{FCC5659F-54A8-44E3-A424-5E980446C6F3}.Debug|Any CPU.Build.0 = Debug|Any CPU
		{FCC5659F-54A8-44E3-A424-5E980446C6F3}.Release|Any CPU.ActiveCfg = Release|Any CPU
		{FCC5659F-54A8-44E3-A424-5E980446C6F3}.Release|Any CPU.Build.0 = Release|Any CPU
		{71920662-B733-4F4A-823D-BCDAE30F61B2}.Debug|Any CPU.ActiveCfg = Debug|Any CPU
		{71920662-B733-4F4A-823D-BCDAE30F61B2}.Debug|Any CPU.Build.0 = Debug|Any CPU
		{71920662-B733-4F4A-823D-BCDAE30F61B2}.Release|Any CPU.ActiveCfg = Release|Any CPU
		{71920662-B733-4F4A-823D-BCDAE30F61B2}.Release|Any CPU.Build.0 = Release|Any CPU
		{CC84177E-CB63-433E-834F-BADD072EC8E1}.Debug|Any CPU.ActiveCfg = Debug|Any CPU
		{CC84177E-CB63-433E-834F-BADD072EC8E1}.Debug|Any CPU.Build.0 = Debug|Any CPU
		{CC84177E-CB63-433E-834F-BADD072EC8E1}.Release|Any CPU.ActiveCfg = Release|Any CPU
		{CC84177E-CB63-433E-834F-BADD072EC8E1}.Release|Any CPU.Build.0 = Release|Any CPU
	EndGlobalSection
	GlobalSection(SolutionProperties) = preSolution
		HideSolutionNode = FALSE
	EndGlobalSection
	GlobalSection(ExtensibilityGlobals) = postSolution
		SolutionGuid = {8CC5853C-7BD1-4A51-85AF-8BE9D5CACC93}
	EndGlobalSection
EndGlobal
